// !$*UTF8*$!
{
	archiveVersion = 1;
	classes = {
	};
	objectVersion = 55;
	objects = {

/* Begin PBXBuildFile section */
		1B4232A4270837FF0069244D /* AppDelegate.swift in Sources */ = {isa = PBXBuildFile; fileRef = 1B4232A3270837FF0069244D /* AppDelegate.swift */; };
		1B4232A6270837FF0069244D /* SceneDelegate.swift in Sources */ = {isa = PBXBuildFile; fileRef = 1B4232A5270837FF0069244D /* SceneDelegate.swift */; };
		1B4232A8270837FF0069244D /* ViewController.swift in Sources */ = {isa = PBXBuildFile; fileRef = 1B4232A7270837FF0069244D /* ViewController.swift */; };
		1B4232AD270838000069244D /* Assets.xcassets in Resources */ = {isa = PBXBuildFile; fileRef = 1B4232AC270838000069244D /* Assets.xcassets */; };
		1B4232B0270838000069244D /* LaunchScreen.storyboard in Resources */ = {isa = PBXBuildFile; fileRef = 1B4232AE270838000069244D /* LaunchScreen.storyboard */; };
		1B4232D42708B2100069244D /* Extensions.swift in Sources */ = {isa = PBXBuildFile; fileRef = 1B4232D32708B2100069244D /* Extensions.swift */; };
/* End PBXBuildFile section */

/* Begin PBXContainerItemProxy section */
		1B4232B7270838000069244D /* PBXContainerItemProxy */ = {
			isa = PBXContainerItemProxy;
			containerPortal = 1B423298270837FF0069244D /* Project object */;
			proxyType = 1;
			remoteGlobalIDString = 1B42329F270837FF0069244D;
			remoteInfo = CShoppingList;
		};
		1B4232C1270838000069244D /* PBXContainerItemProxy */ = {
			isa = PBXContainerItemProxy;
			containerPortal = 1B423298270837FF0069244D /* Project object */;
			proxyType = 1;
			remoteGlobalIDString = 1B42329F270837FF0069244D;
			remoteInfo = CShoppingList;
		};
/* End PBXContainerItemProxy section */

/* Begin PBXFileReference section */
		1B4232A0270837FF0069244D /* CShoppingList.app */ = {isa = PBXFileReference; explicitFileType = wrapper.application; includeInIndex = 0; path = CShoppingList.app; sourceTree = BUILT_PRODUCTS_DIR; };
		1B4232A3270837FF0069244D /* AppDelegate.swift */ = {isa = PBXFileReference; lastKnownFileType = sourcecode.swift; path = AppDelegate.swift; sourceTree = "<group>"; };
		1B4232A5270837FF0069244D /* SceneDelegate.swift */ = {isa = PBXFileReference; lastKnownFileType = sourcecode.swift; path = SceneDelegate.swift; sourceTree = "<group>"; };
		1B4232A7270837FF0069244D /* ViewController.swift */ = {isa = PBXFileReference; lastKnownFileType = sourcecode.swift; path = ViewController.swift; sourceTree = "<group>"; };
		1B4232AC270838000069244D /* Assets.xcassets */ = {isa = PBXFileReference; lastKnownFileType = folder.assetcatalog; path = Assets.xcassets; sourceTree = "<group>"; };
		1B4232AF270838000069244D /* Base */ = {isa = PBXFileReference; lastKnownFileType = file.storyboard; name = Base; path = Base.lproj/LaunchScreen.storyboard; sourceTree = "<group>"; };
		1B4232B1270838000069244D /* Info.plist */ = {isa = PBXFileReference; lastKnownFileType = text.plist.xml; path = Info.plist; sourceTree = "<group>"; };
		1B4232B6270838000069244D /* CShoppingListTests.xctest */ = {isa = PBXFileReference; explicitFileType = wrapper.cfbundle; includeInIndex = 0; path = CShoppingListTests.xctest; sourceTree = BUILT_PRODUCTS_DIR; };
		1B4232C0270838000069244D /* CShoppingListUITests.xctest */ = {isa = PBXFileReference; explicitFileType = wrapper.cfbundle; includeInIndex = 0; path = CShoppingListUITests.xctest; sourceTree = BUILT_PRODUCTS_DIR; };
		1B4232D32708B2100069244D /* Extensions.swift */ = {isa = PBXFileReference; lastKnownFileType = sourcecode.swift; path = Extensions.swift; sourceTree = "<group>"; };
/* End PBXFileReference section */

/* Begin PBXFrameworksBuildPhase section */
		1B42329D270837FF0069244D /* Frameworks */ = {
			isa = PBXFrameworksBuildPhase;
			buildActionMask = 2147483647;
			files = (
			);
			runOnlyForDeploymentPostprocessing = 0;
		};
		1B4232B3270838000069244D /* Frameworks */ = {
			isa = PBXFrameworksBuildPhase;
			buildActionMask = 2147483647;
			files = (
			);
			runOnlyForDeploymentPostprocessing = 0;
		};
		1B4232BD270838000069244D /* Frameworks */ = {
			isa = PBXFrameworksBuildPhase;
			buildActionMask = 2147483647;
			files = (
			);
			runOnlyForDeploymentPostprocessing = 0;
		};
/* End PBXFrameworksBuildPhase section */

/* Begin PBXGroup section */
		1B423297270837FF0069244D = {
			isa = PBXGroup;
			children = (
				1B4232A2270837FF0069244D /* CShoppingList */,
				1B4232A1270837FF0069244D /* Products */,
			);
			sourceTree = "<group>";
		};
		1B4232A1270837FF0069244D /* Products */ = {
			isa = PBXGroup;
			children = (
				1B4232A0270837FF0069244D /* CShoppingList.app */,
				1B4232B6270838000069244D /* CShoppingListTests.xctest */,
				1B4232C0270838000069244D /* CShoppingListUITests.xctest */,
			);
			name = Products;
			sourceTree = "<group>";
		};
		1B4232A2270837FF0069244D /* CShoppingList */ = {
			isa = PBXGroup;
			children = (
				1B4232A3270837FF0069244D /* AppDelegate.swift */,
				1B4232A5270837FF0069244D /* SceneDelegate.swift */,
				1B4232A7270837FF0069244D /* ViewController.swift */,
				1B4232D32708B2100069244D /* Extensions.swift */,
				1B4232AC270838000069244D /* Assets.xcassets */,
				1B4232AE270838000069244D /* LaunchScreen.storyboard */,
				1B4232B1270838000069244D /* Info.plist */,
			);
			path = CShoppingList;
			sourceTree = "<group>";
		};
/* End PBXGroup section */

/* Begin PBXNativeTarget section */
		1B42329F270837FF0069244D /* CShoppingList */ = {
			isa = PBXNativeTarget;
			buildConfigurationList = 1B4232CA270838000069244D /* Build configuration list for PBXNativeTarget "CShoppingList" */;
			buildPhases = (
				1B42329C270837FF0069244D /* Sources */,
				1B42329D270837FF0069244D /* Frameworks */,
				1B42329E270837FF0069244D /* Resources */,
			);
			buildRules = (
			);
			dependencies = (
			);
			name = CShoppingList;
			productName = CShoppingList;
			productReference = 1B4232A0270837FF0069244D /* CShoppingList.app */;
			productType = "com.apple.product-type.application";
		};
		1B4232B5270838000069244D /* CShoppingListTests */ = {
			isa = PBXNativeTarget;
			buildConfigurationList = 1B4232CD270838000069244D /* Build configuration list for PBXNativeTarget "CShoppingListTests" */;
			buildPhases = (
				1B4232B2270838000069244D /* Sources */,
				1B4232B3270838000069244D /* Frameworks */,
				1B4232B4270838000069244D /* Resources */,
			);
			buildRules = (
			);
			dependencies = (
				1B4232B8270838000069244D /* PBXTargetDependency */,
			);
			name = CShoppingListTests;
			productName = CShoppingListTests;
			productReference = 1B4232B6270838000069244D /* CShoppingListTests.xctest */;
			productType = "com.apple.product-type.bundle.unit-test";
		};
		1B4232BF270838000069244D /* CShoppingListUITests */ = {
			isa = PBXNativeTarget;
			buildConfigurationList = 1B4232D0270838000069244D /* Build configuration list for PBXNativeTarget "CShoppingListUITests" */;
			buildPhases = (
				1B4232BC270838000069244D /* Sources */,
				1B4232BD270838000069244D /* Frameworks */,
				1B4232BE270838000069244D /* Resources */,
			);
			buildRules = (
			);
			dependencies = (
				1B4232C2270838000069244D /* PBXTargetDependency */,
			);
			name = CShoppingListUITests;
			productName = CShoppingListUITests;
			productReference = 1B4232C0270838000069244D /* CShoppingListUITests.xctest */;
			productType = "com.apple.product-type.bundle.ui-testing";
		};
/* End PBXNativeTarget section */

/* Begin PBXProject section */
		1B423298270837FF0069244D /* Project object */ = {
			isa = PBXProject;
			attributes = {
				BuildIndependentTargetsInParallel = 1;
				LastSwiftUpdateCheck = 1300;
				LastUpgradeCheck = 1300;
				TargetAttributes = {
					1B42329F270837FF0069244D = {
						CreatedOnToolsVersion = 13.0;
					};
					1B4232B5270838000069244D = {
						CreatedOnToolsVersion = 13.0;
						TestTargetID = 1B42329F270837FF0069244D;
					};
					1B4232BF270838000069244D = {
						CreatedOnToolsVersion = 13.0;
						TestTargetID = 1B42329F270837FF0069244D;
					};
				};
			};
			buildConfigurationList = 1B42329B270837FF0069244D /* Build configuration list for PBXProject "CShoppingList" */;
			compatibilityVersion = "Xcode 13.0";
			developmentRegion = en;
			hasScannedForEncodings = 0;
			knownRegions = (
				en,
				Base,
			);
			mainGroup = 1B423297270837FF0069244D;
			productRefGroup = 1B4232A1270837FF0069244D /* Products */;
			projectDirPath = "";
			projectRoot = "";
			targets = (
				1B42329F270837FF0069244D /* CShoppingList */,
				1B4232B5270838000069244D /* CShoppingListTests */,
				1B4232BF270838000069244D /* CShoppingListUITests */,
			);
		};
/* End PBXProject section */

/* Begin PBXResourcesBuildPhase section */
		1B42329E270837FF0069244D /* Resources */ = {
			isa = PBXResourcesBuildPhase;
			buildActionMask = 2147483647;
			files = (
				1B4232B0270838000069244D /* LaunchScreen.storyboard in Resources */,
				1B4232AD270838000069244D /* Assets.xcassets in Resources */,
			);
			runOnlyForDeploymentPostprocessing = 0;
		};
		1B4232B4270838000069244D /* Resources */ = {
			isa = PBXResourcesBuildPhase;
			buildActionMask = 2147483647;
			files = (
			);
			runOnlyForDeploymentPostprocessing = 0;
		};
		1B4232BE270838000069244D /* Resources */ = {
			isa = PBXResourcesBuildPhase;
			buildActionMask = 2147483647;
			files = (
			);
			runOnlyForDeploymentPostprocessing = 0;
		};
/* End PBXResourcesBuildPhase section */

/* Begin PBXSourcesBuildPhase section */
		1B42329C270837FF0069244D /* Sources */ = {
			isa = PBXSourcesBuildPhase;
			buildActionMask = 2147483647;
			files = (
				1B4232A8270837FF0069244D /* ViewController.swift in Sources */,
				1B4232A4270837FF0069244D /* AppDelegate.swift in Sources */,
				1B4232A6270837FF0069244D /* SceneDelegate.swift in Sources */,
				1B4232D42708B2100069244D /* Extensions.swift in Sources */,
			);
			runOnlyForDeploymentPostprocessing = 0;
		};
		1B4232B2270838000069244D /* Sources */ = {
			isa = PBXSourcesBuildPhase;
			buildActionMask = 2147483647;
			files = (
			);
			runOnlyForDeploymentPostprocessing = 0;
		};
		1B4232BC270838000069244D /* Sources */ = {
			isa = PBXSourcesBuildPhase;
			buildActionMask = 2147483647;
			files = (
			);
			runOnlyForDeploymentPostprocessing = 0;
		};
/* End PBXSourcesBuildPhase section */

/* Begin PBXTargetDependency section */
		1B4232B8270838000069244D /* PBXTargetDependency */ = {
			isa = PBXTargetDependency;
			target = 1B42329F270837FF0069244D /* CShoppingList */;
			targetProxy = 1B4232B7270838000069244D /* PBXContainerItemProxy */;
		};
		1B4232C2270838000069244D /* PBXTargetDependency */ = {
			isa = PBXTargetDependency;
			target = 1B42329F270837FF0069244D /* CShoppingList */;
			targetProxy = 1B4232C1270838000069244D /* PBXContainerItemProxy */;
		};
/* End PBXTargetDependency section */

/* Begin PBXVariantGroup section */
		1B4232AE270838000069244D /* LaunchScreen.storyboard */ = {
			isa = PBXVariantGroup;
			children = (
				1B4232AF270838000069244D /* Base */,
			);
			name = LaunchScreen.storyboard;
			sourceTree = "<group>";
		};
/* End PBXVariantGroup section */

/* Begin XCBuildConfiguration section */
		1B4232C8270838000069244D /* Debug */ = {
			isa = XCBuildConfiguration;
			buildSettings = {
				ALWAYS_SEARCH_USER_PATHS = NO;
				CLANG_ANALYZER_NONNULL = YES;
				CLANG_ANALYZER_NUMBER_OBJECT_CONVERSION = YES_AGGRESSIVE;
				CLANG_CXX_LANGUAGE_STANDARD = "gnu++17";
				CLANG_CXX_LIBRARY = "libc++";
				CLANG_ENABLE_MODULES = YES;
				CLANG_ENABLE_OBJC_ARC = YES;
				CLANG_ENABLE_OBJC_WEAK = YES;
				CLANG_WARN_BLOCK_CAPTURE_AUTORELEASING = YES;
				CLANG_WARN_BOOL_CONVERSION = YES;
				CLANG_WARN_COMMA = YES;
				CLANG_WARN_CONSTANT_CONVERSION = YES;
				CLANG_WARN_DEPRECATED_OBJC_IMPLEMENTATIONS = YES;
				CLANG_WARN_DIRECT_OBJC_ISA_USAGE = YES_ERROR;
				CLANG_WARN_DOCUMENTATION_COMMENTS = YES;
				CLANG_WARN_EMPTY_BODY = YES;
				CLANG_WARN_ENUM_CONVERSION = YES;
				CLANG_WARN_INFINITE_RECURSION = YES;
				CLANG_WARN_INT_CONVERSION = YES;
				CLANG_WARN_NON_LITERAL_NULL_CONVERSION = YES;
				CLANG_WARN_OBJC_IMPLICIT_RETAIN_SELF = YES;
				CLANG_WARN_OBJC_LITERAL_CONVERSION = YES;
				CLANG_WARN_OBJC_ROOT_CLASS = YES_ERROR;
				CLANG_WARN_QUOTED_INCLUDE_IN_FRAMEWORK_HEADER = YES;
				CLANG_WARN_RANGE_LOOP_ANALYSIS = YES;
				CLANG_WARN_STRICT_PROTOTYPES = YES;
				CLANG_WARN_SUSPICIOUS_MOVE = YES;
				CLANG_WARN_UNGUARDED_AVAILABILITY = YES_AGGRESSIVE;
				CLANG_WARN_UNREACHABLE_CODE = YES;
				CLANG_WARN__DUPLICATE_METHOD_MATCH = YES;
				COPY_PHASE_STRIP = NO;
				DEBUG_INFORMATION_FORMAT = dwarf;
				ENABLE_STRICT_OBJC_MSGSEND = YES;
				ENABLE_TESTABILITY = YES;
				GCC_C_LANGUAGE_STANDARD = gnu11;
				GCC_DYNAMIC_NO_PIC = NO;
				GCC_NO_COMMON_BLOCKS = YES;
				GCC_OPTIMIZATION_LEVEL = 0;
				GCC_PREPROCESSOR_DEFINITIONS = (
					"DEBUG=1",
					"$(inherited)",
				);
				GCC_WARN_64_TO_32_BIT_CONVERSION = YES;
				GCC_WARN_ABOUT_RETURN_TYPE = YES_ERROR;
				GCC_WARN_UNDECLARED_SELECTOR = YES;
				GCC_WARN_UNINITIALIZED_AUTOS = YES_AGGRESSIVE;
				GCC_WARN_UNUSED_FUNCTION = YES;
				GCC_WARN_UNUSED_VARIABLE = YES;
				IPHONEOS_DEPLOYMENT_TARGET = 15.0;
				MTL_ENABLE_DEBUG_INFO = INCLUDE_SOURCE;
				MTL_FAST_MATH = YES;
				ONLY_ACTIVE_ARCH = YES;
				SDKROOT = iphoneos;
				SWIFT_ACTIVE_COMPILATION_CONDITIONS = DEBUG;
				SWIFT_OPTIMIZATION_LEVEL = "-Onone";
			};
			name = Debug;
		};
		1B4232C9270838000069244D /* Release */ = {
			isa = XCBuildConfiguration;
			buildSettings = {
				ALWAYS_SEARCH_USER_PATHS = NO;
				CLANG_ANALYZER_NONNULL = YES;
				CLANG_ANALYZER_NUMBER_OBJECT_CONVERSION = YES_AGGRESSIVE;
				CLANG_CXX_LANGUAGE_STANDARD = "gnu++17";
				CLANG_CXX_LIBRARY = "libc++";
				CLANG_ENABLE_MODULES = YES;
				CLANG_ENABLE_OBJC_ARC = YES;
				CLANG_ENABLE_OBJC_WEAK = YES;
				CLANG_WARN_BLOCK_CAPTURE_AUTORELEASING = YES;
				CLANG_WARN_BOOL_CONVERSION = YES;
				CLANG_WARN_COMMA = YES;
				CLANG_WARN_CONSTANT_CONVERSION = YES;
				CLANG_WARN_DEPRECATED_OBJC_IMPLEMENTATIONS = YES;
				CLANG_WARN_DIRECT_OBJC_ISA_USAGE = YES_ERROR;
				CLANG_WARN_DOCUMENTATION_COMMENTS = YES;
				CLANG_WARN_EMPTY_BODY = YES;
				CLANG_WARN_ENUM_CONVERSION = YES;
				CLANG_WARN_INFINITE_RECURSION = YES;
				CLANG_WARN_INT_CONVERSION = YES;
				CLANG_WARN_NON_LITERAL_NULL_CONVERSION = YES;
				CLANG_WARN_OBJC_IMPLICIT_RETAIN_SELF = YES;
				CLANG_WARN_OBJC_LITERAL_CONVERSION = YES;
				CLANG_WARN_OBJC_ROOT_CLASS = YES_ERROR;
				CLANG_WARN_QUOTED_INCLUDE_IN_FRAMEWORK_HEADER = YES;
				CLANG_WARN_RANGE_LOOP_ANALYSIS = YES;
				CLANG_WARN_STRICT_PROTOTYPES = YES;
				CLANG_WARN_SUSPICIOUS_MOVE = YES;
				CLANG_WARN_UNGUARDED_AVAILABILITY = YES_AGGRESSIVE;
				CLANG_WARN_UNREACHABLE_CODE = YES;
				CLANG_WARN__DUPLICATE_METHOD_MATCH = YES;
				COPY_PHASE_STRIP = NO;
				DEBUG_INFORMATION_FORMAT = "dwarf-with-dsym";
				ENABLE_NS_ASSERTIONS = NO;
				ENABLE_STRICT_OBJC_MSGSEND = YES;
				GCC_C_LANGUAGE_STANDARD = gnu11;
				GCC_NO_COMMON_BLOCKS = YES;
				GCC_WARN_64_TO_32_BIT_CONVERSION = YES;
				GCC_WARN_ABOUT_RETURN_TYPE = YES_ERROR;
				GCC_WARN_UNDECLARED_SELECTOR = YES;
				GCC_WARN_UNINITIALIZED_AUTOS = YES_AGGRESSIVE;
				GCC_WARN_UNUSED_FUNCTION = YES;
				GCC_WARN_UNUSED_VARIABLE = YES;
				IPHONEOS_DEPLOYMENT_TARGET = 15.0;
				MTL_ENABLE_DEBUG_INFO = NO;
				MTL_FAST_MATH = YES;
				SDKROOT = iphoneos;
				SWIFT_COMPILATION_MODE = wholemodule;
				SWIFT_OPTIMIZATION_LEVEL = "-O";
				VALIDATE_PRODUCT = YES;
			};
			name = Release;
		};
		1B4232CB270838000069244D /* Debug */ = {
			isa = XCBuildConfiguration;
			buildSettings = {
				ASSETCATALOG_COMPILER_APPICON_NAME = AppIcon;
				ASSETCATALOG_COMPILER_GLOBAL_ACCENT_COLOR_NAME = AccentColor;
				CODE_SIGN_STYLE = Automatic;
				CURRENT_PROJECT_VERSION = 1;
				DEVELOPMENT_TEAM = 59S3366Z8K;
				GENERATE_INFOPLIST_FILE = YES;
				INFOPLIST_FILE = CShoppingList/Info.plist;
				INFOPLIST_KEY_UIApplicationSupportsIndirectInputEvents = YES;
				INFOPLIST_KEY_UILaunchStoryboardName = LaunchScreen;
				INFOPLIST_KEY_UISupportedInterfaceOrientations_iPad = "UIInterfaceOrientationPortrait UIInterfaceOrientationPortraitUpsideDown UIInterfaceOrientationLandscapeLeft UIInterfaceOrientationLandscapeRight";
				INFOPLIST_KEY_UISupportedInterfaceOrientations_iPhone = "UIInterfaceOrientationPortrait UIInterfaceOrientationLandscapeLeft UIInterfaceOrientationLandscapeRight";
				LD_RUNPATH_SEARCH_PATHS = (
					"$(inherited)",
					"@executable_path/Frameworks",
				);
				MARKETING_VERSION = 1.0;
				PRODUCT_BUNDLE_IDENTIFIER = com.antoniotoriz.CShoppingList;
				PRODUCT_NAME = "$(TARGET_NAME)";
				SWIFT_EMIT_LOC_STRINGS = YES;
				SWIFT_VERSION = 5.0;
				TARGETED_DEVICE_FAMILY = "1,2";
			};
			name = Debug;
		};
		1B4232CC270838000069244D /* Release */ = {
			isa = XCBuildConfiguration;
			buildSettings = {
				ASSETCATALOG_COMPILER_APPICON_NAME = AppIcon;
				ASSETCATALOG_COMPILER_GLOBAL_ACCENT_COLOR_NAME = AccentColor;
				CODE_SIGN_STYLE = Automatic;
				CURRENT_PROJECT_VERSION = 1;
				DEVELOPMENT_TEAM = 59S3366Z8K;
				GENERATE_INFOPLIST_FILE = YES;
				INFOPLIST_FILE = CShoppingList/Info.plist;
				INFOPLIST_KEY_UIApplicationSupportsIndirectInputEvents = YES;
				INFOPLIST_KEY_UILaunchStoryboardName = LaunchScreen;
				INFOPLIST_KEY_UISupportedInterfaceOrientations_iPad = "UIInterfaceOrientationPortrait UIInterfaceOrientationPortraitUpsideDown UIInterfaceOrientationLandscapeLeft UIInterfaceOrientationLandscapeRight";
				INFOPLIST_KEY_UISupportedInterfaceOrientations_iPhone = "UIInterfaceOrientationPortrait UIInterfaceOrientationLandscapeLeft UIInterfaceOrientationLandscapeRight";
				LD_RUNPATH_SEARCH_PATHS = (
					"$(inherited)",
					"@executable_path/Frameworks",
				);
				MARKETING_VERSION = 1.0;
				PRODUCT_BUNDLE_IDENTIFIER = com.antoniotoriz.CShoppingList;
				PRODUCT_NAME = "$(TARGET_NAME)";
				SWIFT_EMIT_LOC_STRINGS = YES;
				SWIFT_VERSION = 5.0;
				TARGETED_DEVICE_FAMILY = "1,2";
			};
			name = Release;
		};
		1B4232CE270838000069244D /* Debug */ = {
			isa = XCBuildConfiguration;
			buildSettings = {
				ALWAYS_EMBED_SWIFT_STANDARD_LIBRARIES = YES;
				BUNDLE_LOADER = "$(TEST_HOST)";
				CODE_SIGN_STYLE = Automatic;
				CURRENT_PROJECT_VERSION = 1;
				DEVELOPMENT_TEAM = 59S3366Z8K;
				GENERATE_INFOPLIST_FILE = YES;
				IPHONEOS_DEPLOYMENT_TARGET = 15.0;
				LD_RUNPATH_SEARCH_PATHS = (
					"$(inherited)",
					"@executable_path/Frameworks",
					"@loader_path/Frameworks",
				);
				MARKETING_VERSION = 1.0;
				PRODUCT_BUNDLE_IDENTIFIER = com.antoniotoriz.CShoppingListTests;
				PRODUCT_NAME = "$(TARGET_NAME)";
				SWIFT_EMIT_LOC_STRINGS = NO;
				SWIFT_VERSION = 5.0;
				TARGETED_DEVICE_FAMILY = "1,2";
				TEST_HOST = "$(BUILT_PRODUCTS_DIR)/CShoppingList.app/CShoppingList";
			};
			name = Debug;
		};
		1B4232CF270838000069244D /* Release */ = {
			isa = XCBuildConfiguration;
			buildSettings = {
				ALWAYS_EMBED_SWIFT_STANDARD_LIBRARIES = YES;
				BUNDLE_LOADER = "$(TEST_HOST)";
				CODE_SIGN_STYLE = Automatic;
				CURRENT_PROJECT_VERSION = 1;
				DEVELOPMENT_TEAM = 59S3366Z8K;
				GENERATE_INFOPLIST_FILE = YES;
				IPHONEOS_DEPLOYMENT_TARGET = 15.0;
				LD_RUNPATH_SEARCH_PATHS = (
					"$(inherited)",
					"@executable_path/Frameworks",
					"@loader_path/Frameworks",
				);
				MARKETING_VERSION = 1.0;
				PRODUCT_BUNDLE_IDENTIFIER = com.antoniotoriz.CShoppingListTests;
				PRODUCT_NAME = "$(TARGET_NAME)";
				SWIFT_EMIT_LOC_STRINGS = NO;
				SWIFT_VERSION = 5.0;
				TARGETED_DEVICE_FAMILY = "1,2";
				TEST_HOST = "$(BUILT_PRODUCTS_DIR)/CShoppingList.app/CShoppingList";
			};
			name = Release;
		};
		1B4232D1270838000069244D /* Debug */ = {
			isa = XCBuildConfiguration;
			buildSettings = {
				ALWAYS_EMBED_SWIFT_STANDARD_LIBRARIES = YES;
				CODE_SIGN_STYLE = Automatic;
				CURRENT_PROJECT_VERSION = 1;
				DEVELOPMENT_TEAM = 59S3366Z8K;
				GENERATE_INFOPLIST_FILE = YES;
				LD_RUNPATH_SEARCH_PATHS = (
					"$(inherited)",
					"@executable_path/Frameworks",
					"@loader_path/Frameworks",
				);
				MARKETING_VERSION = 1.0;
				PRODUCT_BUNDLE_IDENTIFIER = com.antoniotoriz.CShoppingListUITests;
				PRODUCT_NAME = "$(TARGET_NAME)";
				SWIFT_EMIT_LOC_STRINGS = NO;
				SWIFT_VERSION = 5.0;
				TARGETED_DEVICE_FAMILY = "1,2";
				TEST_TARGET_NAME = CShoppingList;
			};
			name = Debug;
		};
		1B4232D2270838000069244D /* Release */ = {
			isa = XCBuildConfiguration;
			buildSettings = {
				ALWAYS_EMBED_SWIFT_STANDARD_LIBRARIES = YES;
				CODE_SIGN_STYLE = Automatic;
				CURRENT_PROJECT_VERSION = 1;
				DEVELOPMENT_TEAM = 59S3366Z8K;
				GENERATE_INFOPLIST_FILE = YES;
				LD_RUNPATH_SEARCH_PATHS = (
					"$(inherited)",
					"@executable_path/Frameworks",
					"@loader_path/Frameworks",
				);
				MARKETING_VERSION = 1.0;
				PRODUCT_BUNDLE_IDENTIFIER = com.antoniotoriz.CShoppingListUITests;
				PRODUCT_NAME = "$(TARGET_NAME)";
				SWIFT_EMIT_LOC_STRINGS = NO;
				SWIFT_VERSION = 5.0;
				TARGETED_DEVICE_FAMILY = "1,2";
				TEST_TARGET_NAME = CShoppingList;
			};
			name = Release;
		};
/* End XCBuildConfiguration section */

/* Begin XCConfigurationList section */
		1B42329B270837FF0069244D /* Build configuration list for PBXProject "CShoppingList" */ = {
			isa = XCConfigurationList;
			buildConfigurations = (
				1B4232C8270838000069244D /* Debug */,
				1B4232C9270838000069244D /* Release */,
			);
			defaultConfigurationIsVisible = 0;
			defaultConfigurationName = Release;
		};
		1B4232CA270838000069244D /* Build configuration list for PBXNativeTarget "CShoppingList" */ = {
			isa = XCConfigurationList;
			buildConfigurations = (
				1B4232CB270838000069244D /* Debug */,
				1B4232CC270838000069244D /* Release */,
			);
			defaultConfigurationIsVisible = 0;
			defaultConfigurationName = Release;
		};
		1B4232CD270838000069244D /* Build configuration list for PBXNativeTarget "CShoppingListTests" */ = {
			isa = XCConfigurationList;
			buildConfigurations = (
				1B4232CE270838000069244D /* Debug */,
				1B4232CF270838000069244D /* Release */,
			);
			defaultConfigurationIsVisible = 0;
			defaultConfigurationName = Release;
		};
		1B4232D0270838000069244D /* Build configuration list for PBXNativeTarget "CShoppingListUITests" */ = {
			isa = XCConfigurationList;
			buildConfigurations = (
				1B4232D1270838000069244D /* Debug */,
				1B4232D2270838000069244D /* Release */,
			);
			defaultConfigurationIsVisible = 0;
			defaultConfigurationName = Release;
		};
/* End XCConfigurationList section */
	};
	rootObject = 1B423298270837FF0069244D /* Project object */;
}
